Microsoft Visual Studio Solution File, Format Version 11.00
# Visual Studio 2008

Project("{DECBB280-5A79-F929-6394-835B7F1B6174}") = "Audio_Run", "Assembly-CSharp-firstpass.csproj", "{91636D15-1C84-7994-F5FC-92D1D9C7A669}"
EndProject
Project("{DECBB280-5A79-F929-6394-835B7F1B6174}") = "Audio_Run", "Assembly-CSharp.csproj", "{1ECB6712-D5C4-DD7D-3329-4D6305B9ACD4}"
EndProject
Project("{DECBB280-5A79-F929-6394-835B7F1B6174}") = "Audio_Run", "Assembly-CSharp-Editor.csproj", "{64DD50E4-5EC4-E8B3-4F6B-4988AC2D5FFE}"
EndProject
Project("{DECBB280-5A79-F929-6394-835B7F1B6174}") = "Audio_Run", "Assembly-UnityScript-firstpass.unityproj", "{68B52B85-09EC-F290-4F69-BE91791F3522}"
EndProject
Project("{DECBB280-5A79-F929-6394-835B7F1B6174}") = "Audio_Run", "Assembly-UnityScript.unityproj", "{89862455-0250-1C99-9940-083973D42575}"
EndProject
Global
	GlobalSection(SolutionConfigurationPlatforms) = preSolution
		Debug|Any CPU = Debug|Any CPU
		Release|Any CPU = Release|Any CPU
	EndGlobalSection
	GlobalSection(ProjectConfigurationPlatforms) = postSolution
		{91636D15-1C84-7994-F5FC-92D1D9C7A669}.Debug|Any CPU.ActiveCfg = Debug|Any CPU
		{91636D15-1C84-7994-F5FC-92D1D9C7A669}.Debug|Any CPU.Build.0 = Debug|Any CPU
		{91636D15-1C84-7994-F5FC-92D1D9C7A669}.Release|Any CPU.ActiveCfg = Release|Any CPU
		{91636D15-1C84-7994-F5FC-92D1D9C7A669}.Release|Any CPU.Build.0 = Release|Any CPU
		{1ECB6712-D5C4-DD7D-3329-4D6305B9ACD4}.Debug|Any CPU.ActiveCfg = Debug|Any CPU
		{1ECB6712-D5C4-DD7D-3329-4D6305B9ACD4}.Debug|Any CPU.Build.0 = Debug|Any CPU
		{1ECB6712-D5C4-DD7D-3329-4D6305B9ACD4}.Release|Any CPU.ActiveCfg = Release|Any CPU
		{1ECB6712-D5C4-DD7D-3329-4D6305B9ACD4}.Release|Any CPU.Build.0 = Release|Any CPU
		{64DD50E4-5EC4-E8B3-4F6B-4988AC2D5FFE}.Debug|Any CPU.ActiveCfg = Debug|Any CPU
		{64DD50E4-5EC4-E8B3-4F6B-4988AC2D5FFE}.Debug|Any CPU.Build.0 = Debug|Any CPU
		{64DD50E4-5EC4-E8B3-4F6B-4988AC2D5FFE}.Release|Any CPU.ActiveCfg = Release|Any CPU
		{64DD50E4-5EC4-E8B3-4F6B-4988AC2D5FFE}.Release|Any CPU.Build.0 = Release|Any CPU
		{68B52B85-09EC-F290-4F69-BE91791F3522}.Debug|Any CPU.ActiveCfg = Debug|Any CPU
		{68B52B85-09EC-F290-4F69-BE91791F3522}.Debug|Any CPU.Build.0 = Debug|Any CPU
		{68B52B85-09EC-F290-4F69-BE91791F3522}.Release|Any CPU.ActiveCfg = Release|Any CPU
		{68B52B85-09EC-F290-4F69-BE91791F3522}.Release|Any CPU.Build.0 = Release|Any CPU
		{89862455-0250-1C99-9940-083973D42575}.Debug|Any CPU.ActiveCfg = Debug|Any CPU
		{89862455-0250-1C99-9940-083973D42575}.Debug|Any CPU.Build.0 = Debug|Any CPU
		{89862455-0250-1C99-9940-083973D42575}.Release|Any CPU.ActiveCfg = Release|Any CPU
		{89862455-0250-1C99-9940-083973D42575}.Release|Any CPU.Build.0 = Release|Any CPU
	EndGlobalSection
	GlobalSection(SolutionProperties) = preSolution
		HideSolutionNode = FALSE
	EndGlobalSection
<<<<<<< Updated upstream
																																					GlobalSection(MonoDevelopProperties) = preSolution
=======
																																				GlobalSection(MonoDevelopProperties) = preSolution
>>>>>>> Stashed changes
		StartupItem = Assembly-CSharp.csproj
		Policies = $0
		$0.TextStylePolicy = $1
		$1.inheritsSet = null
		$1.scope = text/x-csharp
		$0.CSharpFormattingPolicy = $2
		$2.inheritsSet = Mono
		$2.inheritsScope = text/x-csharp
		$2.scope = text/x-csharp
		$0.TextStylePolicy = $3
		$3.FileWidth = 120
		$3.TabWidth = 4
		$3.EolMarker = Unix
		$3.inheritsSet = Mono
		$3.inheritsScope = text/plain
		$3.scope = text/plain
	EndGlobalSection

EndGlobal
